
Microsoft Visual Studio Solution File, Format Version 12.00
# Visual Studio Version 17
VisualStudioVersion = 17.4.32912.340
MinimumVisualStudioVersion = 10.0.40219.1
Project("{FAE04EC0-301F-11D3-BF4B-00C04F79EFBC}") = "cityScope.NET.Server.Domain", "cityScope.NET.Server.Domain\cityScope.NET.Server.Domain.csproj", "{7C79B54E-9897-40C3-9F9C-8904BCC93256}"
EndProject
Project("{FAE04EC0-301F-11D3-BF4B-00C04F79EFBC}") = "cityScope.NET.Server.Application", "cityScope.NET.Server.Application\cityScope.NET.Server.Application.csproj", "{6F799354-EF8C-4498-B91A-AFC7C2DDB03D}"
EndProject
Project("{FAE04EC0-301F-11D3-BF4B-00C04F79EFBC}") = "cityScope.NET.Server.Persistence", "cityScope.NET.Server.Persistence\cityScope.NET.Server.Persistence.csproj", "{2DBE6831-1E56-4E6C-8CF3-81A99F9BF0CC}"
EndProject
Global
	GlobalSection(SolutionConfigurationPlatforms) = preSolution
		Debug|Any CPU = Debug|Any CPU
		Release|Any CPU = Release|Any CPU
	EndGlobalSection
	GlobalSection(ProjectConfigurationPlatforms) = postSolution
		{7C79B54E-9897-40C3-9F9C-8904BCC93256}.Debug|Any CPU.ActiveCfg = Debug|Any CPU
		{7C79B54E-9897-40C3-9F9C-8904BCC93256}.Debug|Any CPU.Build.0 = Debug|Any CPU
		{7C79B54E-9897-40C3-9F9C-8904BCC93256}.Release|Any CPU.ActiveCfg = Release|Any CPU
		{7C79B54E-9897-40C3-9F9C-8904BCC93256}.Release|Any CPU.Build.0 = Release|Any CPU
		{6F799354-EF8C-4498-B91A-AFC7C2DDB03D}.Debug|Any CPU.ActiveCfg = Debug|Any CPU
		{6F799354-EF8C-4498-B91A-AFC7C2DDB03D}.Debug|Any CPU.Build.0 = Debug|Any CPU
		{6F799354-EF8C-4498-B91A-AFC7C2DDB03D}.Release|Any CPU.ActiveCfg = Release|Any CPU
		{6F799354-EF8C-4498-B91A-AFC7C2DDB03D}.Release|Any CPU.Build.0 = Release|Any CPU
		{2DBE6831-1E56-4E6C-8CF3-81A99F9BF0CC}.Debug|Any CPU.ActiveCfg = Debug|Any CPU
		{2DBE6831-1E56-4E6C-8CF3-81A99F9BF0CC}.Debug|Any CPU.Build.0 = Debug|Any CPU
		{2DBE6831-1E56-4E6C-8CF3-81A99F9BF0CC}.Release|Any CPU.ActiveCfg = Release|Any CPU
		{2DBE6831-1E56-4E6C-8CF3-81A99F9BF0CC}.Release|Any CPU.Build.0 = Release|Any CPU
		{7CC3E240-54BF-4A05-95E9-F565613AE64E}.Debug|Any CPU.ActiveCfg = Debug|Any CPU
		{7CC3E240-54BF-4A05-95E9-F565613AE64E}.Debug|Any CPU.Build.0 = Debug|Any CPU
		{7CC3E240-54BF-4A05-95E9-F565613AE64E}.Release|Any CPU.ActiveCfg = Release|Any CPU
		{7CC3E240-54BF-4A05-95E9-F565613AE64E}.Release|Any CPU.Build.0 = Release|Any CPU
	EndGlobalSection
	GlobalSection(SolutionProperties) = preSolution
		HideSolutionNode = FALSE
	EndGlobalSection
	GlobalSection(ExtensibilityGlobals) = postSolution
		SolutionGuid = {E0523FDF-62CD-4596-801D-7E8BA17D6882}
	EndGlobalSection
EndGlobal
